
Microsoft Visual Studio Solution File, Format Version 12.00
# Visual Studio 15
VisualStudioVersion = 15.0.27428.2037
MinimumVisualStudioVersion = 10.0.40219.1
Project("{FAE04EC0-301F-11D3-BF4B-00C04F79EFBC}") = "Client", "Client\Client.csproj", "{B31248DA-556F-4BEC-903F-2A19B04583CE}"
EndProject
Global
	GlobalSection(SolutionConfigurationPlatforms) = preSolution
		Debug|Any CPU = Debug|Any CPU
		Release|Any CPU = Release|Any CPU
	EndGlobalSection
	GlobalSection(ProjectConfigurationPlatforms) = postSolution
		{B31248DA-556F-4BEC-903F-2A19B04583CE}.Debug|Any CPU.ActiveCfg = Debug|Any CPU
		{B31248DA-556F-4BEC-903F-2A19B04583CE}.Debug|Any CPU.Build.0 = Debug|Any CPU
		{B31248DA-556F-4BEC-903F-2A19B04583CE}.Release|Any CPU.ActiveCfg = Release|Any CPU
		{B31248DA-556F-4BEC-903F-2A19B04583CE}.Release|Any CPU.Build.0 = Release|Any CPU
	EndGlobalSection
	GlobalSection(SolutionProperties) = preSolution
		HideSolutionNode = FALSE
	EndGlobalSection
	GlobalSection(ExtensibilityGlobals) = postSolution
		SolutionGuid = {0B69A891-04E6-471B-97A5-55CD295ABCA1}
	EndGlobalSection
EndGlobal
